
Microsoft Visual Studio Solution File, Format Version 12.00
# Visual Studio Version 16
VisualStudioVersion = 16.0.33130.400
MinimumVisualStudioVersion = 10.0.40219.1
Project("{FAE04EC0-301F-11D3-BF4B-00C04F79EFBC}") = "Project_Ecommerce1", "Project_Ecommerce1.csproj", "{6C7B5198-2BD4-4D31-9969-CB12635C81BB}"
EndProject
Global
	GlobalSection(SolutionConfigurationPlatforms) = preSolution
		Debug|Any CPU = Debug|Any CPU
		Release|Any CPU = Release|Any CPU
	EndGlobalSection
	GlobalSection(ProjectConfigurationPlatforms) = postSolution
		{6C7B5198-2BD4-4D31-9969-CB12635C81BB}.Debug|Any CPU.ActiveCfg = Debug|Any CPU
		{6C7B5198-2BD4-4D31-9969-CB12635C81BB}.Debug|Any CPU.Build.0 = Debug|Any CPU
		{6C7B5198-2BD4-4D31-9969-CB12635C81BB}.Release|Any CPU.ActiveCfg = Release|Any CPU
		{6C7B5198-2BD4-4D31-9969-CB12635C81BB}.Release|Any CPU.Build.0 = Release|Any CPU
	EndGlobalSection
	GlobalSection(SolutionProperties) = preSolution
		HideSolutionNode = FALSE
	EndGlobalSection
	GlobalSection(ExtensibilityGlobals) = postSolution
		SolutionGuid = {3BB847FE-4DBE-4B9F-94E0-76E6391FF902}
	EndGlobalSection
EndGlobal
